// !$*UTF8*$!
{
	archiveVersion = 1;
	classes = {
	};
	objectVersion = 46;
	objects = {

/* Begin PBXBuildFile section */
		1207C2941C5DAC2A00CBD353 /* LoginViewController.swift in Sources */ = {isa = PBXBuildFile; fileRef = 1207C2931C5DAC2A00CBD353 /* LoginViewController.swift */; };
		1207C2961C5DBB6500CBD353 /* RegisterViewController.swift in Sources */ = {isa = PBXBuildFile; fileRef = 1207C2951C5DBB6500CBD353 /* RegisterViewController.swift */; };
		125EE21A1C77DD9900122531 /* tabBarController2.swift in Sources */ = {isa = PBXBuildFile; fileRef = 125EE2191C77DD9900122531 /* tabBarController2.swift */; };
		125EE21C1C77E2DC00122531 /* friendRequestViewController.swift in Sources */ = {isa = PBXBuildFile; fileRef = 125EE21B1C77E2DC00122531 /* friendRequestViewController.swift */; };
		125FB2FF1C86B7BC00CEDDD8 /* tempo.swift in Sources */ = {isa = PBXBuildFile; fileRef = 125FB2FE1C86B7BC00CEDDD8 /* tempo.swift */; };
		125FB3141C86B7CC00CEDDD8 /* SocketAckEmitter.swift in Sources */ = {isa = PBXBuildFile; fileRef = 125FB3001C86B7CC00CEDDD8 /* SocketAckEmitter.swift */; };
		125FB3151C86B7CC00CEDDD8 /* SocketAckManager.swift in Sources */ = {isa = PBXBuildFile; fileRef = 125FB3011C86B7CC00CEDDD8 /* SocketAckManager.swift */; };
		125FB3161C86B7CC00CEDDD8 /* SocketAnyEvent.swift in Sources */ = {isa = PBXBuildFile; fileRef = 125FB3021C86B7CC00CEDDD8 /* SocketAnyEvent.swift */; };
		125FB3171C86B7CC00CEDDD8 /* SocketClientSpec.swift in Sources */ = {isa = PBXBuildFile; fileRef = 125FB3031C86B7CC00CEDDD8 /* SocketClientSpec.swift */; };
		125FB3181C86B7CC00CEDDD8 /* SocketEngine.swift in Sources */ = {isa = PBXBuildFile; fileRef = 125FB3041C86B7CC00CEDDD8 /* SocketEngine.swift */; };
		125FB3191C86B7CC00CEDDD8 /* SocketEngineClient.swift in Sources */ = {isa = PBXBuildFile; fileRef = 125FB3051C86B7CC00CEDDD8 /* SocketEngineClient.swift */; };
		125FB31A1C86B7CC00CEDDD8 /* SocketEnginePacketType.swift in Sources */ = {isa = PBXBuildFile; fileRef = 125FB3061C86B7CC00CEDDD8 /* SocketEnginePacketType.swift */; };
		125FB31B1C86B7CC00CEDDD8 /* SocketEngineSpec.swift in Sources */ = {isa = PBXBuildFile; fileRef = 125FB3071C86B7CC00CEDDD8 /* SocketEngineSpec.swift */; };
		125FB31C1C86B7CC00CEDDD8 /* SocketEventHandler.swift in Sources */ = {isa = PBXBuildFile; fileRef = 125FB3081C86B7CC00CEDDD8 /* SocketEventHandler.swift */; };
		125FB31D1C86B7CC00CEDDD8 /* SocketFixUTF8.swift in Sources */ = {isa = PBXBuildFile; fileRef = 125FB3091C86B7CC00CEDDD8 /* SocketFixUTF8.swift */; };
		125FB31E1C86B7CC00CEDDD8 /* SocketIOClient.swift in Sources */ = {isa = PBXBuildFile; fileRef = 125FB30A1C86B7CC00CEDDD8 /* SocketIOClient.swift */; };
		125FB31F1C86B7CC00CEDDD8 /* SocketIOClientOption.swift in Sources */ = {isa = PBXBuildFile; fileRef = 125FB30B1C86B7CC00CEDDD8 /* SocketIOClientOption.swift */; };
		125FB3201C86B7CC00CEDDD8 /* SocketIOClientStatus.swift in Sources */ = {isa = PBXBuildFile; fileRef = 125FB30C1C86B7CC00CEDDD8 /* SocketIOClientStatus.swift */; };
		125FB3211C86B7CC00CEDDD8 /* SocketLogger.swift in Sources */ = {isa = PBXBuildFile; fileRef = 125FB30D1C86B7CC00CEDDD8 /* SocketLogger.swift */; };
		125FB3221C86B7CC00CEDDD8 /* SocketPacket.swift in Sources */ = {isa = PBXBuildFile; fileRef = 125FB30E1C86B7CC00CEDDD8 /* SocketPacket.swift */; };
		125FB3231C86B7CC00CEDDD8 /* SocketParsable.swift in Sources */ = {isa = PBXBuildFile; fileRef = 125FB30F1C86B7CC00CEDDD8 /* SocketParsable.swift */; };
		125FB3241C86B7CC00CEDDD8 /* SocketStringReader.swift in Sources */ = {isa = PBXBuildFile; fileRef = 125FB3101C86B7CC00CEDDD8 /* SocketStringReader.swift */; };
		125FB3251C86B7CC00CEDDD8 /* SocketTypes.swift in Sources */ = {isa = PBXBuildFile; fileRef = 125FB3111C86B7CC00CEDDD8 /* SocketTypes.swift */; };
		125FB3261C86B7CC00CEDDD8 /* SwiftRegex.swift in Sources */ = {isa = PBXBuildFile; fileRef = 125FB3121C86B7CC00CEDDD8 /* SwiftRegex.swift */; };
		125FB3271C86B7CC00CEDDD8 /* WebSocket.swift in Sources */ = {isa = PBXBuildFile; fileRef = 125FB3131C86B7CC00CEDDD8 /* WebSocket.swift */; };
		126961AA1C5DD6160008F8EC /* TPKeyboardAvoidingScrollView.m in Sources */ = {isa = PBXBuildFile; fileRef = 126961A91C5DD6160008F8EC /* TPKeyboardAvoidingScrollView.m */; };
		126961B01C5DD7070008F8EC /* UIScrollView+TPKeyboardAvoidingAdditions.m in Sources */ = {isa = PBXBuildFile; fileRef = 126961AF1C5DD7070008F8EC /* UIScrollView+TPKeyboardAvoidingAdditions.m */; };
		127692471C77FE1300410D79 /* searchFriendViewController.swift in Sources */ = {isa = PBXBuildFile; fileRef = 127692461C77FE1300410D79 /* searchFriendViewController.swift */; };
		127692511C7A7EB800410D79 /* request.wav in Resources */ = {isa = PBXBuildFile; fileRef = 127692501C7A7EB800410D79 /* request.wav */; };
		127692531C7AD26A00410D79 /* SettingsTableViewController.swift in Sources */ = {isa = PBXBuildFile; fileRef = 127692521C7AD26A00410D79 /* SettingsTableViewController.swift */; };
		127692551C7BDC3F00410D79 /* SearchFriendUserCell.swift in Sources */ = {isa = PBXBuildFile; fileRef = 127692541C7BDC3F00410D79 /* SearchFriendUserCell.swift */; };
		127692571C7C650B00410D79 /* sent.wav in Resources */ = {isa = PBXBuildFile; fileRef = 127692561C7C650B00410D79 /* sent.wav */; };
		127692661C7D2C2F00410D79 /* Message+CoreDataProperties.swift in Sources */ = {isa = PBXBuildFile; fileRef = 127692621C7D2C2F00410D79 /* Message+CoreDataProperties.swift */; };
		127692671C7D2C2F00410D79 /* Message.swift in Sources */ = {isa = PBXBuildFile; fileRef = 127692631C7D2C2F00410D79 /* Message.swift */; };
		127692691C7D308F00410D79 /* conversationCell.swift in Sources */ = {isa = PBXBuildFile; fileRef = 127692681C7D308F00410D79 /* conversationCell.swift */; };
		127692781C7D366100410D79 /* Conversation+CoreDataProperties.swift in Sources */ = {isa = PBXBuildFile; fileRef = 127692761C7D366100410D79 /* Conversation+CoreDataProperties.swift */; };
		127692791C7D366100410D79 /* Conversation.swift in Sources */ = {isa = PBXBuildFile; fileRef = 127692771C7D366100410D79 /* Conversation.swift */; };
		1276927E1C7DA47600410D79 /* groupChatViewController.swift in Sources */ = {isa = PBXBuildFile; fileRef = 1276927D1C7DA47600410D79 /* groupChatViewController.swift */; };
		1278A9631C7E6E360001787A /* friendsContainerTableViewController.swift in Sources */ = {isa = PBXBuildFile; fileRef = 1278A9621C7E6E360001787A /* friendsContainerTableViewController.swift */; };
		127E01A91C658EFC007C38C0 /* ContactsViewController.swift in Sources */ = {isa = PBXBuildFile; fileRef = 127E01A81C658EFC007C38C0 /* ContactsViewController.swift */; };
		127E01AB1C6690E9007C38C0 /* UserCell.swift in Sources */ = {isa = PBXBuildFile; fileRef = 127E01AA1C6690E9007C38C0 /* UserCell.swift */; };
		12943E2D1C686B7600A8D2FC /* MessageViewController.swift in Sources */ = {isa = PBXBuildFile; fileRef = 12943E2C1C686B7600A8D2FC /* MessageViewController.swift */; };
		12943E2F1C686F2D00A8D2FC /* ConversationViewController.swift in Sources */ = {isa = PBXBuildFile; fileRef = 12943E2E1C686F2D00A8D2FC /* ConversationViewController.swift */; };
		12943E361C68829000A8D2FC /* Connection.swift in Sources */ = {isa = PBXBuildFile; fileRef = 12943E351C68829000A8D2FC /* Connection.swift */; };
		12943E611C693ABC00A8D2FC /* CoreDataManager.swift in Sources */ = {isa = PBXBuildFile; fileRef = 12943E601C693ABC00A8D2FC /* CoreDataManager.swift */; };
		12A3804F1C5D4C8B00F2ADF9 /* AppDelegate.swift in Sources */ = {isa = PBXBuildFile; fileRef = 12A3804E1C5D4C8B00F2ADF9 /* AppDelegate.swift */; };
		12A380541C5D4C8B00F2ADF9 /* Main.storyboard in Resources */ = {isa = PBXBuildFile; fileRef = 12A380521C5D4C8B00F2ADF9 /* Main.storyboard */; };
		12A380571C5D4C8B00F2ADF9 /* Social.xcdatamodeld in Sources */ = {isa = PBXBuildFile; fileRef = 12A380551C5D4C8B00F2ADF9 /* Social.xcdatamodeld */; };
		12A380591C5D4C8B00F2ADF9 /* Assets.xcassets in Resources */ = {isa = PBXBuildFile; fileRef = 12A380581C5D4C8B00F2ADF9 /* Assets.xcassets */; };
		12A3805C1C5D4C8B00F2ADF9 /* LaunchScreen.storyboard in Resources */ = {isa = PBXBuildFile; fileRef = 12A3805A1C5D4C8B00F2ADF9 /* LaunchScreen.storyboard */; };
		12A380671C5D4C8B00F2ADF9 /* SocialTests.swift in Sources */ = {isa = PBXBuildFile; fileRef = 12A380661C5D4C8B00F2ADF9 /* SocialTests.swift */; };
		12A380721C5D4C8B00F2ADF9 /* SocialUITests.swift in Sources */ = {isa = PBXBuildFile; fileRef = 12A380711C5D4C8B00F2ADF9 /* SocialUITests.swift */; };
		B59A45EABEBFABB0DF4332E4 /* Pods.framework in Frameworks */ = {isa = PBXBuildFile; fileRef = 86B6582082A7CF2D49566689 /* Pods.framework */; settings = {ATTRIBUTES = (Weak, ); }; };
/* End PBXBuildFile section */

/* Begin PBXContainerItemProxy section */
		12A380631C5D4C8B00F2ADF9 /* PBXContainerItemProxy */ = {
			isa = PBXContainerItemProxy;
			containerPortal = 12A380431C5D4C8B00F2ADF9 /* Project object */;
			proxyType = 1;
			remoteGlobalIDString = 12A3804A1C5D4C8B00F2ADF9;
			remoteInfo = Social;
		};
		12A3806E1C5D4C8B00F2ADF9 /* PBXContainerItemProxy */ = {
			isa = PBXContainerItemProxy;
			containerPortal = 12A380431C5D4C8B00F2ADF9 /* Project object */;
			proxyType = 1;
			remoteGlobalIDString = 12A3804A1C5D4C8B00F2ADF9;
			remoteInfo = Social;
		};
/* End PBXContainerItemProxy section */

/* Begin PBXFileReference section */
		1207C2931C5DAC2A00CBD353 /* LoginViewController.swift */ = {isa = PBXFileReference; fileEncoding = 4; lastKnownFileType = sourcecode.swift; path = LoginViewController.swift; sourceTree = "<group>"; };
		1207C2951C5DBB6500CBD353 /* RegisterViewController.swift */ = {isa = PBXFileReference; fileEncoding = 4; lastKnownFileType = sourcecode.swift; path = RegisterViewController.swift; sourceTree = "<group>"; };
		125EE2191C77DD9900122531 /* tabBarController2.swift */ = {isa = PBXFileReference; fileEncoding = 4; lastKnownFileType = sourcecode.swift; path = tabBarController2.swift; sourceTree = "<group>"; };
		125EE21B1C77E2DC00122531 /* friendRequestViewController.swift */ = {isa = PBXFileReference; fileEncoding = 4; lastKnownFileType = sourcecode.swift; path = friendRequestViewController.swift; sourceTree = "<group>"; };
		125FB2FE1C86B7BC00CEDDD8 /* tempo.swift */ = {isa = PBXFileReference; fileEncoding = 4; lastKnownFileType = sourcecode.swift; path = tempo.swift; sourceTree = "<group>"; };
		125FB3001C86B7CC00CEDDD8 /* SocketAckEmitter.swift */ = {isa = PBXFileReference; fileEncoding = 4; lastKnownFileType = sourcecode.swift; path = SocketAckEmitter.swift; sourceTree = "<group>"; };
		125FB3011C86B7CC00CEDDD8 /* SocketAckManager.swift */ = {isa = PBXFileReference; fileEncoding = 4; lastKnownFileType = sourcecode.swift; path = SocketAckManager.swift; sourceTree = "<group>"; };
		125FB3021C86B7CC00CEDDD8 /* SocketAnyEvent.swift */ = {isa = PBXFileReference; fileEncoding = 4; lastKnownFileType = sourcecode.swift; path = SocketAnyEvent.swift; sourceTree = "<group>"; };
		125FB3031C86B7CC00CEDDD8 /* SocketClientSpec.swift */ = {isa = PBXFileReference; fileEncoding = 4; lastKnownFileType = sourcecode.swift; path = SocketClientSpec.swift; sourceTree = "<group>"; };
		125FB3041C86B7CC00CEDDD8 /* SocketEngine.swift */ = {isa = PBXFileReference; fileEncoding = 4; lastKnownFileType = sourcecode.swift; path = SocketEngine.swift; sourceTree = "<group>"; };
		125FB3051C86B7CC00CEDDD8 /* SocketEngineClient.swift */ = {isa = PBXFileReference; fileEncoding = 4; lastKnownFileType = sourcecode.swift; path = SocketEngineClient.swift; sourceTree = "<group>"; };
		125FB3061C86B7CC00CEDDD8 /* SocketEnginePacketType.swift */ = {isa = PBXFileReference; fileEncoding = 4; lastKnownFileType = sourcecode.swift; path = SocketEnginePacketType.swift; sourceTree = "<group>"; };
		125FB3071C86B7CC00CEDDD8 /* SocketEngineSpec.swift */ = {isa = PBXFileReference; fileEncoding = 4; lastKnownFileType = sourcecode.swift; path = SocketEngineSpec.swift; sourceTree = "<group>"; };
		125FB3081C86B7CC00CEDDD8 /* SocketEventHandler.swift */ = {isa = PBXFileReference; fileEncoding = 4; lastKnownFileType = sourcecode.swift; path = SocketEventHandler.swift; sourceTree = "<group>"; };
		125FB3091C86B7CC00CEDDD8 /* SocketFixUTF8.swift */ = {isa = PBXFileReference; fileEncoding = 4; lastKnownFileType = sourcecode.swift; path = SocketFixUTF8.swift; sourceTree = "<group>"; };
		125FB30A1C86B7CC00CEDDD8 /* SocketIOClient.swift */ = {isa = PBXFileReference; fileEncoding = 4; lastKnownFileType = sourcecode.swift; path = SocketIOClient.swift; sourceTree = "<group>"; };
		125FB30B1C86B7CC00CEDDD8 /* SocketIOClientOption.swift */ = {isa = PBXFileReference; fileEncoding = 4; lastKnownFileType = sourcecode.swift; path = SocketIOClientOption.swift; sourceTree = "<group>"; };
		125FB30C1C86B7CC00CEDDD8 /* SocketIOClientStatus.swift */ = {isa = PBXFileReference; fileEncoding = 4; lastKnownFileType = sourcecode.swift; path = SocketIOClientStatus.swift; sourceTree = "<group>"; };
		125FB30D1C86B7CC00CEDDD8 /* SocketLogger.swift */ = {isa = PBXFileReference; fileEncoding = 4; lastKnownFileType = sourcecode.swift; path = SocketLogger.swift; sourceTree = "<group>"; };
		125FB30E1C86B7CC00CEDDD8 /* SocketPacket.swift */ = {isa = PBXFileReference; fileEncoding = 4; lastKnownFileType = sourcecode.swift; path = SocketPacket.swift; sourceTree = "<group>"; };
		125FB30F1C86B7CC00CEDDD8 /* SocketParsable.swift */ = {isa = PBXFileReference; fileEncoding = 4; lastKnownFileType = sourcecode.swift; path = SocketParsable.swift; sourceTree = "<group>"; };
		125FB3101C86B7CC00CEDDD8 /* SocketStringReader.swift */ = {isa = PBXFileReference; fileEncoding = 4; lastKnownFileType = sourcecode.swift; path = SocketStringReader.swift; sourceTree = "<group>"; };
		125FB3111C86B7CC00CEDDD8 /* SocketTypes.swift */ = {isa = PBXFileReference; fileEncoding = 4; lastKnownFileType = sourcecode.swift; path = SocketTypes.swift; sourceTree = "<group>"; };
		125FB3121C86B7CC00CEDDD8 /* SwiftRegex.swift */ = {isa = PBXFileReference; fileEncoding = 4; lastKnownFileType = sourcecode.swift; path = SwiftRegex.swift; sourceTree = "<group>"; };
		125FB3131C86B7CC00CEDDD8 /* WebSocket.swift */ = {isa = PBXFileReference; fileEncoding = 4; lastKnownFileType = sourcecode.swift; path = WebSocket.swift; sourceTree = "<group>"; };
		126961A71C5DC3770008F8EC /* Social-Bridging-Header.h */ = {isa = PBXFileReference; lastKnownFileType = sourcecode.c.h; path = "Social-Bridging-Header.h"; sourceTree = "<group>"; };
		126961A81C5DD6160008F8EC /* TPKeyboardAvoidingScrollView.h */ = {isa = PBXFileReference; fileEncoding = 4; lastKnownFileType = sourcecode.c.h; path = TPKeyboardAvoidingScrollView.h; sourceTree = "<group>"; };
		126961A91C5DD6160008F8EC /* TPKeyboardAvoidingScrollView.m */ = {isa = PBXFileReference; fileEncoding = 4; lastKnownFileType = sourcecode.c.objc; path = TPKeyboardAvoidingScrollView.m; sourceTree = "<group>"; };
		126961AE1C5DD7070008F8EC /* UIScrollView+TPKeyboardAvoidingAdditions.h */ = {isa = PBXFileReference; fileEncoding = 4; lastKnownFileType = sourcecode.c.h; path = "UIScrollView+TPKeyboardAvoidingAdditions.h"; sourceTree = "<group>"; };
		126961AF1C5DD7070008F8EC /* UIScrollView+TPKeyboardAvoidingAdditions.m */ = {isa = PBXFileReference; fileEncoding = 4; lastKnownFileType = sourcecode.c.objc; path = "UIScrollView+TPKeyboardAvoidingAdditions.m"; sourceTree = "<group>"; };
		127692461C77FE1300410D79 /* searchFriendViewController.swift */ = {isa = PBXFileReference; fileEncoding = 4; lastKnownFileType = sourcecode.swift; path = searchFriendViewController.swift; sourceTree = "<group>"; };
		127692501C7A7EB800410D79 /* request.wav */ = {isa = PBXFileReference; lastKnownFileType = audio.wav; path = request.wav; sourceTree = "<group>"; };
		127692521C7AD26A00410D79 /* SettingsTableViewController.swift */ = {isa = PBXFileReference; fileEncoding = 4; lastKnownFileType = sourcecode.swift; path = SettingsTableViewController.swift; sourceTree = "<group>"; };
		127692541C7BDC3F00410D79 /* SearchFriendUserCell.swift */ = {isa = PBXFileReference; fileEncoding = 4; lastKnownFileType = sourcecode.swift; path = SearchFriendUserCell.swift; sourceTree = "<group>"; };
		127692561C7C650B00410D79 /* sent.wav */ = {isa = PBXFileReference; lastKnownFileType = audio.wav; path = sent.wav; sourceTree = "<group>"; };
		127692621C7D2C2F00410D79 /* Message+CoreDataProperties.swift */ = {isa = PBXFileReference; fileEncoding = 4; lastKnownFileType = sourcecode.swift; path = "Message+CoreDataProperties.swift"; sourceTree = "<group>"; };
		127692631C7D2C2F00410D79 /* Message.swift */ = {isa = PBXFileReference; fileEncoding = 4; lastKnownFileType = sourcecode.swift; path = Message.swift; sourceTree = "<group>"; };
		127692681C7D308F00410D79 /* conversationCell.swift */ = {isa = PBXFileReference; fileEncoding = 4; lastKnownFileType = sourcecode.swift; path = conversationCell.swift; sourceTree = "<group>"; };
		127692761C7D366100410D79 /* Conversation+CoreDataProperties.swift */ = {isa = PBXFileReference; fileEncoding = 4; lastKnownFileType = sourcecode.swift; path = "Conversation+CoreDataProperties.swift"; sourceTree = "<group>"; };
		127692771C7D366100410D79 /* Conversation.swift */ = {isa = PBXFileReference; fileEncoding = 4; lastKnownFileType = sourcecode.swift; path = Conversation.swift; sourceTree = "<group>"; };
		1276927D1C7DA47600410D79 /* groupChatViewController.swift */ = {isa = PBXFileReference; fileEncoding = 4; lastKnownFileType = sourcecode.swift; path = groupChatViewController.swift; sourceTree = "<group>"; };
		1278A9621C7E6E360001787A /* friendsContainerTableViewController.swift */ = {isa = PBXFileReference; fileEncoding = 4; lastKnownFileType = sourcecode.swift; path = friendsContainerTableViewController.swift; sourceTree = "<group>"; };
		127E01A81C658EFC007C38C0 /* ContactsViewController.swift */ = {isa = PBXFileReference; fileEncoding = 4; lastKnownFileType = sourcecode.swift; path = ContactsViewController.swift; sourceTree = "<group>"; };
		127E01AA1C6690E9007C38C0 /* UserCell.swift */ = {isa = PBXFileReference; fileEncoding = 4; lastKnownFileType = sourcecode.swift; path = UserCell.swift; sourceTree = "<group>"; };
		12943E2C1C686B7600A8D2FC /* MessageViewController.swift */ = {isa = PBXFileReference; fileEncoding = 4; lastKnownFileType = sourcecode.swift; path = MessageViewController.swift; sourceTree = "<group>"; };
		12943E2E1C686F2D00A8D2FC /* ConversationViewController.swift */ = {isa = PBXFileReference; fileEncoding = 4; lastKnownFileType = sourcecode.swift; path = ConversationViewController.swift; sourceTree = "<group>"; };
		12943E351C68829000A8D2FC /* Connection.swift */ = {isa = PBXFileReference; fileEncoding = 4; lastKnownFileType = sourcecode.swift; path = Connection.swift; sourceTree = "<group>"; };
		12943E601C693ABC00A8D2FC /* CoreDataManager.swift */ = {isa = PBXFileReference; fileEncoding = 4; lastKnownFileType = sourcecode.swift; name = CoreDataManager.swift; path = ../CoreDataManager.swift; sourceTree = "<group>"; };
		12A3804B1C5D4C8B00F2ADF9 /* Social.app */ = {isa = PBXFileReference; explicitFileType = wrapper.application; includeInIndex = 0; path = Social.app; sourceTree = BUILT_PRODUCTS_DIR; };
		12A3804E1C5D4C8B00F2ADF9 /* AppDelegate.swift */ = {isa = PBXFileReference; lastKnownFileType = sourcecode.swift; path = AppDelegate.swift; sourceTree = "<group>"; };
		12A380531C5D4C8B00F2ADF9 /* Base */ = {isa = PBXFileReference; lastKnownFileType = file.storyboard; name = Base; path = Base.lproj/Main.storyboard; sourceTree = "<group>"; };
		12A380561C5D4C8B00F2ADF9 /* Social.xcdatamodel */ = {isa = PBXFileReference; lastKnownFileType = wrapper.xcdatamodel; path = Social.xcdatamodel; sourceTree = "<group>"; };
		12A380581C5D4C8B00F2ADF9 /* Assets.xcassets */ = {isa = PBXFileReference; lastKnownFileType = folder.assetcatalog; path = Assets.xcassets; sourceTree = "<group>"; };
		12A3805B1C5D4C8B00F2ADF9 /* Base */ = {isa = PBXFileReference; lastKnownFileType = file.storyboard; name = Base; path = Base.lproj/LaunchScreen.storyboard; sourceTree = "<group>"; };
		12A3805D1C5D4C8B00F2ADF9 /* Info.plist */ = {isa = PBXFileReference; lastKnownFileType = text.plist.xml; path = Info.plist; sourceTree = "<group>"; };
		12A380621C5D4C8B00F2ADF9 /* SocialTests.xctest */ = {isa = PBXFileReference; explicitFileType = wrapper.cfbundle; includeInIndex = 0; path = SocialTests.xctest; sourceTree = BUILT_PRODUCTS_DIR; };
		12A380661C5D4C8B00F2ADF9 /* SocialTests.swift */ = {isa = PBXFileReference; lastKnownFileType = sourcecode.swift; path = SocialTests.swift; sourceTree = "<group>"; };
		12A380681C5D4C8B00F2ADF9 /* Info.plist */ = {isa = PBXFileReference; lastKnownFileType = text.plist.xml; path = Info.plist; sourceTree = "<group>"; };
		12A3806D1C5D4C8B00F2ADF9 /* SocialUITests.xctest */ = {isa = PBXFileReference; explicitFileType = wrapper.cfbundle; includeInIndex = 0; path = SocialUITests.xctest; sourceTree = BUILT_PRODUCTS_DIR; };
		12A380711C5D4C8B00F2ADF9 /* SocialUITests.swift */ = {isa = PBXFileReference; lastKnownFileType = sourcecode.swift; path = SocialUITests.swift; sourceTree = "<group>"; };
		12A380731C5D4C8B00F2ADF9 /* Info.plist */ = {isa = PBXFileReference; lastKnownFileType = text.plist.xml; path = Info.plist; sourceTree = "<group>"; };
		42B1D2C431B1E2CE2BE12680 /* Pods.debug.xcconfig */ = {isa = PBXFileReference; includeInIndex = 1; lastKnownFileType = text.xcconfig; name = Pods.debug.xcconfig; path = "Pods/Target Support Files/Pods/Pods.debug.xcconfig"; sourceTree = "<group>"; };
		656C1BBA4D9693BE79BEFFF2 /* Pods.release.xcconfig */ = {isa = PBXFileReference; includeInIndex = 1; lastKnownFileType = text.xcconfig; name = Pods.release.xcconfig; path = "Pods/Target Support Files/Pods/Pods.release.xcconfig"; sourceTree = "<group>"; };
		86B6582082A7CF2D49566689 /* Pods.framework */ = {isa = PBXFileReference; explicitFileType = wrapper.framework; includeInIndex = 0; path = Pods.framework; sourceTree = BUILT_PRODUCTS_DIR; };
/* End PBXFileReference section */

/* Begin PBXFrameworksBuildPhase section */
		12A380481C5D4C8B00F2ADF9 /* Frameworks */ = {
			isa = PBXFrameworksBuildPhase;
			buildActionMask = 2147483647;
			files = (
				B59A45EABEBFABB0DF4332E4 /* Pods.framework in Frameworks */,
			);
			runOnlyForDeploymentPostprocessing = 0;
		};
		12A3805F1C5D4C8B00F2ADF9 /* Frameworks */ = {
			isa = PBXFrameworksBuildPhase;
			buildActionMask = 2147483647;
			files = (
			);
			runOnlyForDeploymentPostprocessing = 0;
		};
		12A3806A1C5D4C8B00F2ADF9 /* Frameworks */ = {
			isa = PBXFrameworksBuildPhase;
			buildActionMask = 2147483647;
			files = (
			);
			runOnlyForDeploymentPostprocessing = 0;
		};
/* End PBXFrameworksBuildPhase section */

/* Begin PBXGroup section */
		12943E371C6882C000A8D2FC /* SocketIO */ = {
			isa = PBXGroup;
			children = (
				125FB2FE1C86B7BC00CEDDD8 /* tempo.swift */,
				125FB3001C86B7CC00CEDDD8 /* SocketAckEmitter.swift */,
				125FB3011C86B7CC00CEDDD8 /* SocketAckManager.swift */,
				125FB3021C86B7CC00CEDDD8 /* SocketAnyEvent.swift */,
				125FB3031C86B7CC00CEDDD8 /* SocketClientSpec.swift */,
				125FB3041C86B7CC00CEDDD8 /* SocketEngine.swift */,
				125FB3051C86B7CC00CEDDD8 /* SocketEngineClient.swift */,
				125FB3061C86B7CC00CEDDD8 /* SocketEnginePacketType.swift */,
				125FB3071C86B7CC00CEDDD8 /* SocketEngineSpec.swift */,
				125FB3081C86B7CC00CEDDD8 /* SocketEventHandler.swift */,
				125FB3091C86B7CC00CEDDD8 /* SocketFixUTF8.swift */,
				125FB30A1C86B7CC00CEDDD8 /* SocketIOClient.swift */,
				125FB30B1C86B7CC00CEDDD8 /* SocketIOClientOption.swift */,
				125FB30C1C86B7CC00CEDDD8 /* SocketIOClientStatus.swift */,
				125FB30D1C86B7CC00CEDDD8 /* SocketLogger.swift */,
				125FB30E1C86B7CC00CEDDD8 /* SocketPacket.swift */,
				125FB30F1C86B7CC00CEDDD8 /* SocketParsable.swift */,
				125FB3101C86B7CC00CEDDD8 /* SocketStringReader.swift */,
				125FB3111C86B7CC00CEDDD8 /* SocketTypes.swift */,
				125FB3121C86B7CC00CEDDD8 /* SwiftRegex.swift */,
				125FB3131C86B7CC00CEDDD8 /* WebSocket.swift */,
			);
			name = SocketIO;
			sourceTree = "<group>";
		};
		12A380421C5D4C8B00F2ADF9 = {
			isa = PBXGroup;
			children = (
				127692761C7D366100410D79 /* Conversation+CoreDataProperties.swift */,
				127692771C7D366100410D79 /* Conversation.swift */,
				127692621C7D2C2F00410D79 /* Message+CoreDataProperties.swift */,
				127692631C7D2C2F00410D79 /* Message.swift */,
				12A3804D1C5D4C8B00F2ADF9 /* Social */,
				12A380651C5D4C8B00F2ADF9 /* SocialTests */,
				12A380701C5D4C8B00F2ADF9 /* SocialUITests */,
				12A3804C1C5D4C8B00F2ADF9 /* Products */,
				D042CA6C15FE8FC6E1DBDE2C /* Pods */,
				A2EB2E33DD3C412E3BE28A91 /* Frameworks */,
			);
			sourceTree = "<group>";
		};
		12A3804C1C5D4C8B00F2ADF9 /* Products */ = {
			isa = PBXGroup;
			children = (
				12A3804B1C5D4C8B00F2ADF9 /* Social.app */,
				12A380621C5D4C8B00F2ADF9 /* SocialTests.xctest */,
				12A3806D1C5D4C8B00F2ADF9 /* SocialUITests.xctest */,
			);
			name = Products;
			sourceTree = "<group>";
		};
		12A3804D1C5D4C8B00F2ADF9 /* Social */ = {
			isa = PBXGroup;
			children = (
				12943E371C6882C000A8D2FC /* SocketIO */,
				12943E601C693ABC00A8D2FC /* CoreDataManager.swift */,
				127692521C7AD26A00410D79 /* SettingsTableViewController.swift */,
				127692541C7BDC3F00410D79 /* SearchFriendUserCell.swift */,
				1278A9621C7E6E360001787A /* friendsContainerTableViewController.swift */,
				1276927D1C7DA47600410D79 /* groupChatViewController.swift */,
				127692461C77FE1300410D79 /* searchFriendViewController.swift */,
				127692681C7D308F00410D79 /* conversationCell.swift */,
				125EE2191C77DD9900122531 /* tabBarController2.swift */,
				125EE21B1C77E2DC00122531 /* friendRequestViewController.swift */,
				12A3804E1C5D4C8B00F2ADF9 /* AppDelegate.swift */,
				12A380521C5D4C8B00F2ADF9 /* Main.storyboard */,
				127E01AA1C6690E9007C38C0 /* UserCell.swift */,
				127692561C7C650B00410D79 /* sent.wav */,
				12943E2C1C686B7600A8D2FC /* MessageViewController.swift */,
				12943E351C68829000A8D2FC /* Connection.swift */,
				12943E2E1C686F2D00A8D2FC /* ConversationViewController.swift */,
				127E01A81C658EFC007C38C0 /* ContactsViewController.swift */,
				1207C2951C5DBB6500CBD353 /* RegisterViewController.swift */,
				126961A81C5DD6160008F8EC /* TPKeyboardAvoidingScrollView.h */,
				126961AE1C5DD7070008F8EC /* UIScrollView+TPKeyboardAvoidingAdditions.h */,
				127692501C7A7EB800410D79 /* request.wav */,
				126961A91C5DD6160008F8EC /* TPKeyboardAvoidingScrollView.m */,
				126961A71C5DC3770008F8EC /* Social-Bridging-Header.h */,
				126961AF1C5DD7070008F8EC /* UIScrollView+TPKeyboardAvoidingAdditions.m */,
				1207C2931C5DAC2A00CBD353 /* LoginViewController.swift */,
				12A380581C5D4C8B00F2ADF9 /* Assets.xcassets */,
				12A3805A1C5D4C8B00F2ADF9 /* LaunchScreen.storyboard */,
				12A3805D1C5D4C8B00F2ADF9 /* Info.plist */,
				12A380551C5D4C8B00F2ADF9 /* Social.xcdatamodeld */,
			);
			path = Social;
			sourceTree = "<group>";
		};
		12A380651C5D4C8B00F2ADF9 /* SocialTests */ = {
			isa = PBXGroup;
			children = (
				12A380661C5D4C8B00F2ADF9 /* SocialTests.swift */,
				12A380681C5D4C8B00F2ADF9 /* Info.plist */,
			);
			path = SocialTests;
			sourceTree = "<group>";
		};
		12A380701C5D4C8B00F2ADF9 /* SocialUITests */ = {
			isa = PBXGroup;
			children = (
				12A380711C5D4C8B00F2ADF9 /* SocialUITests.swift */,
				12A380731C5D4C8B00F2ADF9 /* Info.plist */,
			);
			path = SocialUITests;
			sourceTree = "<group>";
		};
		A2EB2E33DD3C412E3BE28A91 /* Frameworks */ = {
			isa = PBXGroup;
			children = (
				86B6582082A7CF2D49566689 /* Pods.framework */,
			);
			name = Frameworks;
			sourceTree = "<group>";
		};
		D042CA6C15FE8FC6E1DBDE2C /* Pods */ = {
			isa = PBXGroup;
			children = (
				42B1D2C431B1E2CE2BE12680 /* Pods.debug.xcconfig */,
				656C1BBA4D9693BE79BEFFF2 /* Pods.release.xcconfig */,
			);
			name = Pods;
			sourceTree = "<group>";
		};
/* End PBXGroup section */

/* Begin PBXNativeTarget section */
		12A3804A1C5D4C8B00F2ADF9 /* Social */ = {
			isa = PBXNativeTarget;
			buildConfigurationList = 12A380761C5D4C8B00F2ADF9 /* Build configuration list for PBXNativeTarget "Social" */;
			buildPhases = (
				F1C81D722D2AB849C37B6A0D /* Check Pods Manifest.lock */,
				12A380471C5D4C8B00F2ADF9 /* Sources */,
				12A380481C5D4C8B00F2ADF9 /* Frameworks */,
				12A380491C5D4C8B00F2ADF9 /* Resources */,
				E7C206A3C11415E82FCE7408 /* Embed Pods Frameworks */,
				E7969C8339AB11AC9B63B3D9 /* Copy Pods Resources */,
			);
			buildRules = (
			);
			dependencies = (
			);
			name = Social;
			productName = Social;
			productReference = 12A3804B1C5D4C8B00F2ADF9 /* Social.app */;
			productType = "com.apple.product-type.application";
		};
		12A380611C5D4C8B00F2ADF9 /* SocialTests */ = {
			isa = PBXNativeTarget;
			buildConfigurationList = 12A380791C5D4C8B00F2ADF9 /* Build configuration list for PBXNativeTarget "SocialTests" */;
			buildPhases = (
				12A3805E1C5D4C8B00F2ADF9 /* Sources */,
				12A3805F1C5D4C8B00F2ADF9 /* Frameworks */,
				12A380601C5D4C8B00F2ADF9 /* Resources */,
			);
			buildRules = (
			);
			dependencies = (
				12A380641C5D4C8B00F2ADF9 /* PBXTargetDependency */,
			);
			name = SocialTests;
			productName = SocialTests;
			productReference = 12A380621C5D4C8B00F2ADF9 /* SocialTests.xctest */;
			productType = "com.apple.product-type.bundle.unit-test";
		};
		12A3806C1C5D4C8B00F2ADF9 /* SocialUITests */ = {
			isa = PBXNativeTarget;
			buildConfigurationList = 12A3807C1C5D4C8B00F2ADF9 /* Build configuration list for PBXNativeTarget "SocialUITests" */;
			buildPhases = (
				12A380691C5D4C8B00F2ADF9 /* Sources */,
				12A3806A1C5D4C8B00F2ADF9 /* Frameworks */,
				12A3806B1C5D4C8B00F2ADF9 /* Resources */,
			);
			buildRules = (
			);
			dependencies = (
				12A3806F1C5D4C8B00F2ADF9 /* PBXTargetDependency */,
			);
			name = SocialUITests;
			productName = SocialUITests;
			productReference = 12A3806D1C5D4C8B00F2ADF9 /* SocialUITests.xctest */;
			productType = "com.apple.product-type.bundle.ui-testing";
		};
/* End PBXNativeTarget section */

/* Begin PBXProject section */
		12A380431C5D4C8B00F2ADF9 /* Project object */ = {
			isa = PBXProject;
			attributes = {
				LastSwiftUpdateCheck = 0720;
				LastUpgradeCheck = 0720;
				ORGANIZATIONNAME = "Shuhan Ng";
				TargetAttributes = {
					12A3804A1C5D4C8B00F2ADF9 = {
						CreatedOnToolsVersion = 7.2;
						DevelopmentTeam = VJCZ3HP8S3;
					};
					12A380611C5D4C8B00F2ADF9 = {
						CreatedOnToolsVersion = 7.2;
						DevelopmentTeam = VJCZ3HP8S3;
						TestTargetID = 12A3804A1C5D4C8B00F2ADF9;
					};
					12A3806C1C5D4C8B00F2ADF9 = {
						CreatedOnToolsVersion = 7.2;
						DevelopmentTeam = VJCZ3HP8S3;
						TestTargetID = 12A3804A1C5D4C8B00F2ADF9;
					};
				};
			};
			buildConfigurationList = 12A380461C5D4C8B00F2ADF9 /* Build configuration list for PBXProject "Social" */;
			compatibilityVersion = "Xcode 3.2";
			developmentRegion = English;
			hasScannedForEncodings = 0;
			knownRegions = (
				en,
				Base,
			);
			mainGroup = 12A380421C5D4C8B00F2ADF9;
			productRefGroup = 12A3804C1C5D4C8B00F2ADF9 /* Products */;
			projectDirPath = "";
			projectRoot = "";
			targets = (
				12A3804A1C5D4C8B00F2ADF9 /* Social */,
				12A380611C5D4C8B00F2ADF9 /* SocialTests */,
				12A3806C1C5D4C8B00F2ADF9 /* SocialUITests */,
			);
		};
/* End PBXProject section */

/* Begin PBXResourcesBuildPhase section */
		12A380491C5D4C8B00F2ADF9 /* Resources */ = {
			isa = PBXResourcesBuildPhase;
			buildActionMask = 2147483647;
			files = (
				127692511C7A7EB800410D79 /* request.wav in Resources */,
				12A3805C1C5D4C8B00F2ADF9 /* LaunchScreen.storyboard in Resources */,
				12A380591C5D4C8B00F2ADF9 /* Assets.xcassets in Resources */,
				12A380541C5D4C8B00F2ADF9 /* Main.storyboard in Resources */,
				127692571C7C650B00410D79 /* sent.wav in Resources */,
			);
			runOnlyForDeploymentPostprocessing = 0;
		};
		12A380601C5D4C8B00F2ADF9 /* Resources */ = {
			isa = PBXResourcesBuildPhase;
			buildActionMask = 2147483647;
			files = (
			);
			runOnlyForDeploymentPostprocessing = 0;
		};
		12A3806B1C5D4C8B00F2ADF9 /* Resources */ = {
			isa = PBXResourcesBuildPhase;
			buildActionMask = 2147483647;
			files = (
			);
			runOnlyForDeploymentPostprocessing = 0;
		};
/* End PBXResourcesBuildPhase section */

/* Begin PBXShellScriptBuildPhase section */
		E7969C8339AB11AC9B63B3D9 /* Copy Pods Resources */ = {
			isa = PBXShellScriptBuildPhase;
			buildActionMask = 2147483647;
			files = (
			);
			inputPaths = (
			);
			name = "Copy Pods Resources";
			outputPaths = (
			);
			runOnlyForDeploymentPostprocessing = 0;
			shellPath = /bin/sh;
			shellScript = "\"${SRCROOT}/Pods/Target Support Files/Pods/Pods-resources.sh\"\n";
			showEnvVarsInLog = 0;
		};
		E7C206A3C11415E82FCE7408 /* Embed Pods Frameworks */ = {
			isa = PBXShellScriptBuildPhase;
			buildActionMask = 2147483647;
			files = (
			);
			inputPaths = (
			);
			name = "Embed Pods Frameworks";
			outputPaths = (
			);
			runOnlyForDeploymentPostprocessing = 0;
			shellPath = /bin/sh;
			shellScript = "\"${SRCROOT}/Pods/Target Support Files/Pods/Pods-frameworks.sh\"\n";
			showEnvVarsInLog = 0;
		};
		F1C81D722D2AB849C37B6A0D /* Check Pods Manifest.lock */ = {
			isa = PBXShellScriptBuildPhase;
			buildActionMask = 2147483647;
			files = (
			);
			inputPaths = (
			);
			name = "Check Pods Manifest.lock";
			outputPaths = (
			);
			runOnlyForDeploymentPostprocessing = 0;
			shellPath = /bin/sh;
			shellScript = "diff \"${PODS_ROOT}/../Podfile.lock\" \"${PODS_ROOT}/Manifest.lock\" > /dev/null\nif [[ $? != 0 ]] ; then\n    cat << EOM\nerror: The sandbox is not in sync with the Podfile.lock. Run 'pod install' or update your CocoaPods installation.\nEOM\n    exit 1\nfi\n";
			showEnvVarsInLog = 0;
		};
/* End PBXShellScriptBuildPhase section */

/* Begin PBXSourcesBuildPhase section */
		12A380471C5D4C8B00F2ADF9 /* Sources */ = {
			isa = PBXSourcesBuildPhase;
			buildActionMask = 2147483647;
			files = (
				127692471C77FE1300410D79 /* searchFriendViewController.swift in Sources */,
				1207C2941C5DAC2A00CBD353 /* LoginViewController.swift in Sources */,
				127692791C7D366100410D79 /* Conversation.swift in Sources */,
				125FB31B1C86B7CC00CEDDD8 /* SocketEngineSpec.swift in Sources */,
				125FB3151C86B7CC00CEDDD8 /* SocketAckManager.swift in Sources */,
				125FB3251C86B7CC00CEDDD8 /* SocketTypes.swift in Sources */,
				125FB3201C86B7CC00CEDDD8 /* SocketIOClientStatus.swift in Sources */,
				125FB3231C86B7CC00CEDDD8 /* SocketParsable.swift in Sources */,
				127692661C7D2C2F00410D79 /* Message+CoreDataProperties.swift in Sources */,
				127E01A91C658EFC007C38C0 /* ContactsViewController.swift in Sources */,
				125FB3191C86B7CC00CEDDD8 /* SocketEngineClient.swift in Sources */,
				125FB3181C86B7CC00CEDDD8 /* SocketEngine.swift in Sources */,
				12943E2F1C686F2D00A8D2FC /* ConversationViewController.swift in Sources */,
				127692531C7AD26A00410D79 /* SettingsTableViewController.swift in Sources */,
				1276927E1C7DA47600410D79 /* groupChatViewController.swift in Sources */,
				125FB31C1C86B7CC00CEDDD8 /* SocketEventHandler.swift in Sources */,
				125EE21C1C77E2DC00122531 /* friendRequestViewController.swift in Sources */,
				125FB3161C86B7CC00CEDDD8 /* SocketAnyEvent.swift in Sources */,
				125FB2FF1C86B7BC00CEDDD8 /* tempo.swift in Sources */,
				125FB3241C86B7CC00CEDDD8 /* SocketStringReader.swift in Sources */,
				126961B01C5DD7070008F8EC /* UIScrollView+TPKeyboardAvoidingAdditions.m in Sources */,
				125FB3171C86B7CC00CEDDD8 /* SocketClientSpec.swift in Sources */,
				125FB31A1C86B7CC00CEDDD8 /* SocketEnginePacketType.swift in Sources */,
				127692551C7BDC3F00410D79 /* SearchFriendUserCell.swift in Sources */,
				126961AA1C5DD6160008F8EC /* TPKeyboardAvoidingScrollView.m in Sources */,
				125FB31D1C86B7CC00CEDDD8 /* SocketFixUTF8.swift in Sources */,
				125FB3141C86B7CC00CEDDD8 /* SocketAckEmitter.swift in Sources */,
				125FB3261C86B7CC00CEDDD8 /* SwiftRegex.swift in Sources */,
				127692781C7D366100410D79 /* Conversation+CoreDataProperties.swift in Sources */,
				1278A9631C7E6E360001787A /* friendsContainerTableViewController.swift in Sources */,
				127692671C7D2C2F00410D79 /* Message.swift in Sources */,
				125FB31F1C86B7CC00CEDDD8 /* SocketIOClientOption.swift in Sources */,
				125EE21A1C77DD9900122531 /* tabBarController2.swift in Sources */,
				125FB31E1C86B7CC00CEDDD8 /* SocketIOClient.swift in Sources */,
				125FB3271C86B7CC00CEDDD8 /* WebSocket.swift in Sources */,
				125FB3221C86B7CC00CEDDD8 /* SocketPacket.swift in Sources */,
				12A380571C5D4C8B00F2ADF9 /* Social.xcdatamodeld in Sources */,
				127692691C7D308F00410D79 /* conversationCell.swift in Sources */,
				125FB3211C86B7CC00CEDDD8 /* SocketLogger.swift in Sources */,
				12A3804F1C5D4C8B00F2ADF9 /* AppDelegate.swift in Sources */,
				12943E2D1C686B7600A8D2FC /* MessageViewController.swift in Sources */,
				12943E611C693ABC00A8D2FC /* CoreDataManager.swift in Sources */,
				1207C2961C5DBB6500CBD353 /* RegisterViewController.swift in Sources */,
				12943E361C68829000A8D2FC /* Connection.swift in Sources */,
				127E01AB1C6690E9007C38C0 /* UserCell.swift in Sources */,
			);
			runOnlyForDeploymentPostprocessing = 0;
		};
		12A3805E1C5D4C8B00F2ADF9 /* Sources */ = {
			isa = PBXSourcesBuildPhase;
			buildActionMask = 2147483647;
			files = (
				12A380671C5D4C8B00F2ADF9 /* SocialTests.swift in Sources */,
			);
			runOnlyForDeploymentPostprocessing = 0;
		};
		12A380691C5D4C8B00F2ADF9 /* Sources */ = {
			isa = PBXSourcesBuildPhase;
			buildActionMask = 2147483647;
			files = (
				12A380721C5D4C8B00F2ADF9 /* SocialUITests.swift in Sources */,
			);
			runOnlyForDeploymentPostprocessing = 0;
		};
/* End PBXSourcesBuildPhase section */

/* Begin PBXTargetDependency section */
		12A380641C5D4C8B00F2ADF9 /* PBXTargetDependency */ = {
			isa = PBXTargetDependency;
			target = 12A3804A1C5D4C8B00F2ADF9 /* Social */;
			targetProxy = 12A380631C5D4C8B00F2ADF9 /* PBXContainerItemProxy */;
		};
		12A3806F1C5D4C8B00F2ADF9 /* PBXTargetDependency */ = {
			isa = PBXTargetDependency;
			target = 12A3804A1C5D4C8B00F2ADF9 /* Social */;
			targetProxy = 12A3806E1C5D4C8B00F2ADF9 /* PBXContainerItemProxy */;
		};
/* End PBXTargetDependency section */

/* Begin PBXVariantGroup section */
		12A380521C5D4C8B00F2ADF9 /* Main.storyboard */ = {
			isa = PBXVariantGroup;
			children = (
				12A380531C5D4C8B00F2ADF9 /* Base */,
			);
			name = Main.storyboard;
			sourceTree = "<group>";
		};
		12A3805A1C5D4C8B00F2ADF9 /* LaunchScreen.storyboard */ = {
			isa = PBXVariantGroup;
			children = (
				12A3805B1C5D4C8B00F2ADF9 /* Base */,
			);
			name = LaunchScreen.storyboard;
			sourceTree = "<group>";
		};
/* End PBXVariantGroup section */

/* Begin XCBuildConfiguration section */
		12A380741C5D4C8B00F2ADF9 /* Debug */ = {
			isa = XCBuildConfiguration;
			buildSettings = {
				ALWAYS_SEARCH_USER_PATHS = NO;
				CLANG_CXX_LANGUAGE_STANDARD = "gnu++0x";
				CLANG_CXX_LIBRARY = "libc++";
				CLANG_ENABLE_MODULES = YES;
				CLANG_ENABLE_OBJC_ARC = YES;
				CLANG_WARN_BOOL_CONVERSION = YES;
				CLANG_WARN_CONSTANT_CONVERSION = YES;
				CLANG_WARN_DIRECT_OBJC_ISA_USAGE = YES_ERROR;
				CLANG_WARN_EMPTY_BODY = YES;
				CLANG_WARN_ENUM_CONVERSION = YES;
				CLANG_WARN_INT_CONVERSION = YES;
				CLANG_WARN_OBJC_ROOT_CLASS = YES_ERROR;
				CLANG_WARN_UNREACHABLE_CODE = YES;
				CLANG_WARN__DUPLICATE_METHOD_MATCH = YES;
				"CODE_SIGN_IDENTITY[sdk=iphoneos*]" = "iPhone Developer";
				COPY_PHASE_STRIP = NO;
				DEBUG_INFORMATION_FORMAT = dwarf;
				ENABLE_STRICT_OBJC_MSGSEND = YES;
				ENABLE_TESTABILITY = YES;
				GCC_C_LANGUAGE_STANDARD = gnu99;
				GCC_DYNAMIC_NO_PIC = NO;
				GCC_NO_COMMON_BLOCKS = YES;
				GCC_OPTIMIZATION_LEVEL = 0;
				GCC_PREPROCESSOR_DEFINITIONS = (
					"DEBUG=1",
					"$(inherited)",
				);
				GCC_WARN_64_TO_32_BIT_CONVERSION = YES;
				GCC_WARN_ABOUT_RETURN_TYPE = YES_ERROR;
				GCC_WARN_UNDECLARED_SELECTOR = YES;
				GCC_WARN_UNINITIALIZED_AUTOS = YES_AGGRESSIVE;
				GCC_WARN_UNUSED_FUNCTION = YES;
				GCC_WARN_UNUSED_VARIABLE = YES;
				IPHONEOS_DEPLOYMENT_TARGET = 9.2;
				MTL_ENABLE_DEBUG_INFO = YES;
				ONLY_ACTIVE_ARCH = YES;
				SDKROOT = iphoneos;
				SWIFT_OPTIMIZATION_LEVEL = "-Onone";
				TARGETED_DEVICE_FAMILY = "1,2";
			};
			name = Debug;
		};
		12A380751C5D4C8B00F2ADF9 /* Release */ = {
			isa = XCBuildConfiguration;
			buildSettings = {
				ALWAYS_SEARCH_USER_PATHS = NO;
				CLANG_CXX_LANGUAGE_STANDARD = "gnu++0x";
				CLANG_CXX_LIBRARY = "libc++";
				CLANG_ENABLE_MODULES = YES;
				CLANG_ENABLE_OBJC_ARC = YES;
				CLANG_WARN_BOOL_CONVERSION = YES;
				CLANG_WARN_CONSTANT_CONVERSION = YES;
				CLANG_WARN_DIRECT_OBJC_ISA_USAGE = YES_ERROR;
				CLANG_WARN_EMPTY_BODY = YES;
				CLANG_WARN_ENUM_CONVERSION = YES;
				CLANG_WARN_INT_CONVERSION = YES;
				CLANG_WARN_OBJC_ROOT_CLASS = YES_ERROR;
				CLANG_WARN_UNREACHABLE_CODE = YES;
				CLANG_WARN__DUPLICATE_METHOD_MATCH = YES;
				"CODE_SIGN_IDENTITY[sdk=iphoneos*]" = "iPhone Developer";
				COPY_PHASE_STRIP = NO;
				DEBUG_INFORMATION_FORMAT = "dwarf-with-dsym";
				ENABLE_NS_ASSERTIONS = NO;
				ENABLE_STRICT_OBJC_MSGSEND = YES;
				GCC_C_LANGUAGE_STANDARD = gnu99;
				GCC_NO_COMMON_BLOCKS = YES;
				GCC_WARN_64_TO_32_BIT_CONVERSION = YES;
				GCC_WARN_ABOUT_RETURN_TYPE = YES_ERROR;
				GCC_WARN_UNDECLARED_SELECTOR = YES;
				GCC_WARN_UNINITIALIZED_AUTOS = YES_AGGRESSIVE;
				GCC_WARN_UNUSED_FUNCTION = YES;
				GCC_WARN_UNUSED_VARIABLE = YES;
				IPHONEOS_DEPLOYMENT_TARGET = 9.2;
				MTL_ENABLE_DEBUG_INFO = NO;
				SDKROOT = iphoneos;
				SWIFT_OPTIMIZATION_LEVEL = "-Onone";
				TARGETED_DEVICE_FAMILY = "1,2";
				VALIDATE_PRODUCT = YES;
			};
			name = Release;
		};
		12A380771C5D4C8B00F2ADF9 /* Debug */ = {
			isa = XCBuildConfiguration;
			baseConfigurationReference = 42B1D2C431B1E2CE2BE12680 /* Pods.debug.xcconfig */;
			buildSettings = {
				ASSETCATALOG_COMPILER_APPICON_NAME = AppIcon;
				FRAMEWORK_SEARCH_PATHS = (
					"$(inherited)",
					"$(PROJECT_DIR)/SCLAlertView-Swift/build/Release-iphoneos",
				);
				INFOPLIST_FILE = Social/Info.plist;
				LD_RUNPATH_SEARCH_PATHS = "$(inherited) @executable_path/Frameworks";
				LIBRARY_SEARCH_PATHS = (
					"$(inherited)",
					"$(PROJECT_DIR)/SCLAlertView-Swift/build/SCLAlertView.build/Release-iphoneos/SCLAlertView.build/Objects-normal/arm64",
					"$(PROJECT_DIR)/SCLAlertView-Swift/build/SCLAlertView.build/Release-iphoneos/SCLAlertView.build/Objects-normal/armv7",
				);
				PRODUCT_BUNDLE_IDENTIFIER = com.ngshuhan.SocialApp;
				PRODUCT_NAME = "$(TARGET_NAME)";
				SWIFT_OBJC_BRIDGING_HEADER = "Social/Social-Bridging-Header.h";
			};
			name = Debug;
		};
		12A380781C5D4C8B00F2ADF9 /* Release */ = {
			isa = XCBuildConfiguration;
			baseConfigurationReference = 656C1BBA4D9693BE79BEFFF2 /* Pods.release.xcconfig */;
			buildSettings = {
				ASSETCATALOG_COMPILER_APPICON_NAME = AppIcon;
				FRAMEWORK_SEARCH_PATHS = (
					"$(inherited)",
					"$(PROJECT_DIR)/SCLAlertView-Swift/build/Release-iphoneos",
				);
				INFOPLIST_FILE = Social/Info.plist;
				LD_RUNPATH_SEARCH_PATHS = "$(inherited) @executable_path/Frameworks";
				LIBRARY_SEARCH_PATHS = (
					"$(inherited)",
					"$(PROJECT_DIR)/SCLAlertView-Swift/build/SCLAlertView.build/Release-iphoneos/SCLAlertView.build/Objects-normal/arm64",
					"$(PROJECT_DIR)/SCLAlertView-Swift/build/SCLAlertView.build/Release-iphoneos/SCLAlertView.build/Objects-normal/armv7",
				);
				PRODUCT_BUNDLE_IDENTIFIER = com.ngshuhan.SocialApp;
				PRODUCT_NAME = "$(TARGET_NAME)";
				SWIFT_OBJC_BRIDGING_HEADER = "Social/Social-Bridging-Header.h";
				SWIFT_OPTIMIZATION_LEVEL = "-Onone";
			};
			name = Release;
		};
		12A3807A1C5D4C8B00F2ADF9 /* Debug */ = {
			isa = XCBuildConfiguration;
			buildSettings = {
				BUNDLE_LOADER = "$(TEST_HOST)";
				INFOPLIST_FILE = SocialTests/Info.plist;
				LD_RUNPATH_SEARCH_PATHS = "$(inherited) @executable_path/Frameworks @loader_path/Frameworks";
				PRODUCT_BUNDLE_IDENTIFIER = com.ngshuhan.SocialTests;
				PRODUCT_NAME = "$(TARGET_NAME)";
				TEST_HOST = "$(BUILT_PRODUCTS_DIR)/Social.app/Social";
			};
			name = Debug;
		};
		12A3807B1C5D4C8B00F2ADF9 /* Release */ = {
			isa = XCBuildConfiguration;
			buildSettings = {
				BUNDLE_LOADER = "$(TEST_HOST)";
				INFOPLIST_FILE = SocialTests/Info.plist;
				LD_RUNPATH_SEARCH_PATHS = "$(inherited) @executable_path/Frameworks @loader_path/Frameworks";
				PRODUCT_BUNDLE_IDENTIFIER = com.ngshuhan.SocialTests;
				PRODUCT_NAME = "$(TARGET_NAME)";
				TEST_HOST = "$(BUILT_PRODUCTS_DIR)/Social.app/Social";
			};
			name = Release;
		};
		12A3807D1C5D4C8B00F2ADF9 /* Debug */ = {
			isa = XCBuildConfiguration;
			buildSettings = {
				INFOPLIST_FILE = SocialUITests/Info.plist;
				LD_RUNPATH_SEARCH_PATHS = "$(inherited) @executable_path/Frameworks @loader_path/Frameworks";
				PRODUCT_BUNDLE_IDENTIFIER = com.ngshuhan.SocialUITests;
				PRODUCT_NAME = "$(TARGET_NAME)";
				TEST_TARGET_NAME = Social;
				USES_XCTRUNNER = YES;
			};
			name = Debug;
		};
		12A3807E1C5D4C8B00F2ADF9 /* Release */ = {
			isa = XCBuildConfiguration;
			buildSettings = {
				INFOPLIST_FILE = SocialUITests/Info.plist;
				LD_RUNPATH_SEARCH_PATHS = "$(inherited) @executable_path/Frameworks @loader_path/Frameworks";
				PRODUCT_BUNDLE_IDENTIFIER = com.ngshuhan.SocialUITests;
				PRODUCT_NAME = "$(TARGET_NAME)";
				TEST_TARGET_NAME = Social;
				USES_XCTRUNNER = YES;
			};
			name = Release;
		};
/* End XCBuildConfiguration section */

/* Begin XCConfigurationList section */
		12A380461C5D4C8B00F2ADF9 /* Build configuration list for PBXProject "Social" */ = {
			isa = XCConfigurationList;
			buildConfigurations = (
				12A380741C5D4C8B00F2ADF9 /* Debug */,
				12A380751C5D4C8B00F2ADF9 /* Release */,
			);
			defaultConfigurationIsVisible = 0;
			defaultConfigurationName = Release;
		};
		12A380761C5D4C8B00F2ADF9 /* Build configuration list for PBXNativeTarget "Social" */ = {
			isa = XCConfigurationList;
			buildConfigurations = (
				12A380771C5D4C8B00F2ADF9 /* Debug */,
				12A380781C5D4C8B00F2ADF9 /* Release */,
			);
			defaultConfigurationIsVisible = 0;
			defaultConfigurationName = Release;
		};
		12A380791C5D4C8B00F2ADF9 /* Build configuration list for PBXNativeTarget "SocialTests" */ = {
			isa = XCConfigurationList;
			buildConfigurations = (
				12A3807A1C5D4C8B00F2ADF9 /* Debug */,
				12A3807B1C5D4C8B00F2ADF9 /* Release */,
			);
			defaultConfigurationIsVisible = 0;
			defaultConfigurationName = Release;
		};
		12A3807C1C5D4C8B00F2ADF9 /* Build configuration list for PBXNativeTarget "SocialUITests" */ = {
			isa = XCConfigurationList;
			buildConfigurations = (
				12A3807D1C5D4C8B00F2ADF9 /* Debug */,
				12A3807E1C5D4C8B00F2ADF9 /* Release */,
			);
			defaultConfigurationIsVisible = 0;
			defaultConfigurationName = Release;
		};
/* End XCConfigurationList section */

/* Begin XCVersionGroup section */
		12A380551C5D4C8B00F2ADF9 /* Social.xcdatamodeld */ = {
			isa = XCVersionGroup;
			children = (
				12A380561C5D4C8B00F2ADF9 /* Social.xcdatamodel */,
			);
			currentVersion = 12A380561C5D4C8B00F2ADF9 /* Social.xcdatamodel */;
			path = Social.xcdatamodeld;
			sourceTree = "<group>";
			versionGroupType = wrapper.xcdatamodel;
		};
/* End XCVersionGroup section */
	};
	rootObject = 12A380431C5D4C8B00F2ADF9 /* Project object */;
}
